// !$*UTF8*$!
{
	archiveVersion = 1;
	classes = {
	};
	objectVersion = 56;
	objects = {

/* Begin PBXBuildFile section */
		EF2A529C2C260316002D1879 /* Item.swift in Sources */ = {isa = PBXBuildFile; fileRef = EF2A529B2C260316002D1879 /* Item.swift */; };
		EF2E22802BFE3E8300A27FE9 /* RemmiApp.swift in Sources */ = {isa = PBXBuildFile; fileRef = EF2E227F2BFE3E8300A27FE9 /* RemmiApp.swift */; };
		EF2E22822BFE3E8300A27FE9 /* ContentView.swift in Sources */ = {isa = PBXBuildFile; fileRef = EF2E22812BFE3E8300A27FE9 /* ContentView.swift */; };
		EF2E22842BFE3E8500A27FE9 /* Assets.xcassets in Resources */ = {isa = PBXBuildFile; fileRef = EF2E22832BFE3E8500A27FE9 /* Assets.xcassets */; };
		EF2E22872BFE3E8500A27FE9 /* Preview Assets.xcassets in Resources */ = {isa = PBXBuildFile; fileRef = EF2E22862BFE3E8500A27FE9 /* Preview Assets.xcassets */; };
		EF2E228E2BFE437E00A27FE9 /* SearchView.swift in Sources */ = {isa = PBXBuildFile; fileRef = EF2E228D2BFE437E00A27FE9 /* SearchView.swift */; };
		EF2E22902BFE7E2C00A27FE9 /* ItemView.swift in Sources */ = {isa = PBXBuildFile; fileRef = EF2E228F2BFE7E2C00A27FE9 /* ItemView.swift */; };
		EF2E22922BFE877F00A27FE9 /* AddItemView.swift in Sources */ = {isa = PBXBuildFile; fileRef = EF2E22912BFE877F00A27FE9 /* AddItemView.swift */; };
		EF2E22942BFFB5E200A27FE9 /* AppDelegate.swift in Sources */ = {isa = PBXBuildFile; fileRef = EF2E22932BFFB5E200A27FE9 /* AppDelegate.swift */; };
		EF6536B12C46EA7100EA0CEC /* CategoryMenu.swift in Sources */ = {isa = PBXBuildFile; fileRef = EF6536B02C46EA7100EA0CEC /* CategoryMenu.swift */; };
		EF9992782C7CF87400F6E3FB /* LastCheckedView.swift in Sources */ = {isa = PBXBuildFile; fileRef = EF9992772C7CF87400F6E3FB /* LastCheckedView.swift */; };
		EFA25BD72C41C26E00B95CDB /* SettingsView.swift in Sources */ = {isa = PBXBuildFile; fileRef = EFA25BD62C41C26E00B95CDB /* SettingsView.swift */; };
		EFA25BDC2C42C7FB00B95CDB /* CategoriesView.swift in Sources */ = {isa = PBXBuildFile; fileRef = EFA25BDB2C42C7FB00B95CDB /* CategoriesView.swift */; };
		EFAA74E22C6A682F00A02B20 /* SortOption.swift in Sources */ = {isa = PBXBuildFile; fileRef = EFAA74E12C6A682F00A02B20 /* SortOption.swift */; };
		EFAA74E42C6A7A2000A02B20 /* UserPreferences.swift in Sources */ = {isa = PBXBuildFile; fileRef = EFAA74E32C6A7A2000A02B20 /* UserPreferences.swift */; };
		EFC3E2F72C6AB9A600A34039 /* SortingLogic.swift in Sources */ = {isa = PBXBuildFile; fileRef = EFC3E2F62C6AB9A600A34039 /* SortingLogic.swift */; };
		EFC3E2F92C6ABC9600A34039 /* Previewer.swift in Sources */ = {isa = PBXBuildFile; fileRef = EFC3E2F82C6ABC9600A34039 /* Previewer.swift */; };
		EFDB48AF2C42CAFE002C5DA3 /* Category.swift in Sources */ = {isa = PBXBuildFile; fileRef = EFDB48AE2C42CAFE002C5DA3 /* Category.swift */; };
		EFE460262C6AAD260008A7EF /* ItemListView.swift in Sources */ = {isa = PBXBuildFile; fileRef = EFE460252C6AAD260008A7EF /* ItemListView.swift */; };
		EFEC740B2C6AC3860098EEE2 /* DateFormat.swift in Sources */ = {isa = PBXBuildFile; fileRef = EFEC740A2C6AC3860098EEE2 /* DateFormat.swift */; };
/* End PBXBuildFile section */

/* Begin PBXFileReference section */
		EF2A529B2C260316002D1879 /* Item.swift */ = {isa = PBXFileReference; lastKnownFileType = sourcecode.swift; path = Item.swift; sourceTree = "<group>"; };
		EF2E227C2BFE3E8300A27FE9 /* Remmi.app */ = {isa = PBXFileReference; explicitFileType = wrapper.application; includeInIndex = 0; path = Remmi.app; sourceTree = BUILT_PRODUCTS_DIR; };
		EF2E227F2BFE3E8300A27FE9 /* RemmiApp.swift */ = {isa = PBXFileReference; lastKnownFileType = sourcecode.swift; path = RemmiApp.swift; sourceTree = "<group>"; };
		EF2E22812BFE3E8300A27FE9 /* ContentView.swift */ = {isa = PBXFileReference; lastKnownFileType = sourcecode.swift; path = ContentView.swift; sourceTree = "<group>"; };
		EF2E22832BFE3E8500A27FE9 /* Assets.xcassets */ = {isa = PBXFileReference; lastKnownFileType = folder.assetcatalog; path = Assets.xcassets; sourceTree = "<group>"; };
		EF2E22862BFE3E8500A27FE9 /* Preview Assets.xcassets */ = {isa = PBXFileReference; lastKnownFileType = folder.assetcatalog; path = "Preview Assets.xcassets"; sourceTree = "<group>"; };
		EF2E228D2BFE437E00A27FE9 /* SearchView.swift */ = {isa = PBXFileReference; lastKnownFileType = sourcecode.swift; path = SearchView.swift; sourceTree = "<group>"; };
		EF2E228F2BFE7E2C00A27FE9 /* ItemView.swift */ = {isa = PBXFileReference; lastKnownFileType = sourcecode.swift; path = ItemView.swift; sourceTree = "<group>"; };
		EF2E22912BFE877F00A27FE9 /* AddItemView.swift */ = {isa = PBXFileReference; lastKnownFileType = sourcecode.swift; path = AddItemView.swift; sourceTree = "<group>"; };
		EF2E22932BFFB5E200A27FE9 /* AppDelegate.swift */ = {isa = PBXFileReference; lastKnownFileType = sourcecode.swift; path = AppDelegate.swift; sourceTree = "<group>"; };
		EF6536B02C46EA7100EA0CEC /* CategoryMenu.swift */ = {isa = PBXFileReference; lastKnownFileType = sourcecode.swift; path = CategoryMenu.swift; sourceTree = "<group>"; };
		EF9992772C7CF87400F6E3FB /* LastCheckedView.swift */ = {isa = PBXFileReference; lastKnownFileType = sourcecode.swift; path = LastCheckedView.swift; sourceTree = "<group>"; };
		EFA25BD62C41C26E00B95CDB /* SettingsView.swift */ = {isa = PBXFileReference; lastKnownFileType = sourcecode.swift; path = SettingsView.swift; sourceTree = "<group>"; };
		EFA25BDB2C42C7FB00B95CDB /* CategoriesView.swift */ = {isa = PBXFileReference; lastKnownFileType = sourcecode.swift; path = CategoriesView.swift; sourceTree = "<group>"; };
		EFAA74E12C6A682F00A02B20 /* SortOption.swift */ = {isa = PBXFileReference; lastKnownFileType = sourcecode.swift; path = SortOption.swift; sourceTree = "<group>"; };
		EFAA74E32C6A7A2000A02B20 /* UserPreferences.swift */ = {isa = PBXFileReference; lastKnownFileType = sourcecode.swift; path = UserPreferences.swift; sourceTree = "<group>"; };
		EFC3E2F62C6AB9A600A34039 /* SortingLogic.swift */ = {isa = PBXFileReference; lastKnownFileType = sourcecode.swift; path = SortingLogic.swift; sourceTree = "<group>"; };
		EFC3E2F82C6ABC9600A34039 /* Previewer.swift */ = {isa = PBXFileReference; lastKnownFileType = sourcecode.swift; path = Previewer.swift; sourceTree = "<group>"; };
		EFDB48AE2C42CAFE002C5DA3 /* Category.swift */ = {isa = PBXFileReference; lastKnownFileType = sourcecode.swift; path = Category.swift; sourceTree = "<group>"; };
		EFE460252C6AAD260008A7EF /* ItemListView.swift */ = {isa = PBXFileReference; lastKnownFileType = sourcecode.swift; path = ItemListView.swift; sourceTree = "<group>"; };
		EFEC740A2C6AC3860098EEE2 /* DateFormat.swift */ = {isa = PBXFileReference; lastKnownFileType = sourcecode.swift; path = DateFormat.swift; sourceTree = "<group>"; };
/* End PBXFileReference section */

/* Begin PBXFrameworksBuildPhase section */
		EF2E22792BFE3E8300A27FE9 /* Frameworks */ = {
			isa = PBXFrameworksBuildPhase;
			buildActionMask = 2147483647;
			files = (
			);
			runOnlyForDeploymentPostprocessing = 0;
		};
/* End PBXFrameworksBuildPhase section */

/* Begin PBXGroup section */
		EF2E22732BFE3E8300A27FE9 = {
			isa = PBXGroup;
			children = (
				EF2E227E2BFE3E8300A27FE9 /* Remmi */,
				EF2E227D2BFE3E8300A27FE9 /* Products */,
			);
			sourceTree = "<group>";
		};
		EF2E227D2BFE3E8300A27FE9 /* Products */ = {
			isa = PBXGroup;
			children = (
				EF2E227C2BFE3E8300A27FE9 /* Remmi.app */,
			);
			name = Products;
			sourceTree = "<group>";
		};
		EF2E227E2BFE3E8300A27FE9 /* Remmi */ = {
			isa = PBXGroup;
			children = (
				EFC3E2FA2C6ABE8200A34039 /* Home */,
				EFEC74092C6ABF870098EEE2 /* Details */,
				EFA25BDA2C42C7D400B95CDB /* Settings */,
				EF6536AF2C46EA4700EA0CEC /* Common */,
				EFDB48AD2C42CAF0002C5DA3 /* Model */,
				EF2E227F2BFE3E8300A27FE9 /* RemmiApp.swift */,
				EF2E22932BFFB5E200A27FE9 /* AppDelegate.swift */,
				EFC3E2F82C6ABC9600A34039 /* Previewer.swift */,
				EF2E22832BFE3E8500A27FE9 /* Assets.xcassets */,
				EF2E22852BFE3E8500A27FE9 /* Preview Content */,
			);
			path = Remmi;
			sourceTree = "<group>";
		};
		EF2E22852BFE3E8500A27FE9 /* Preview Content */ = {
			isa = PBXGroup;
			children = (
				EF2E22862BFE3E8500A27FE9 /* Preview Assets.xcassets */,
			);
			path = "Preview Content";
			sourceTree = "<group>";
		};
		EF6536AF2C46EA4700EA0CEC /* Common */ = {
			isa = PBXGroup;
			children = (
				EF6536B02C46EA7100EA0CEC /* CategoryMenu.swift */,
				EFC3E2F62C6AB9A600A34039 /* SortingLogic.swift */,
			);
			path = Common;
			sourceTree = "<group>";
		};
		EFA25BDA2C42C7D400B95CDB /* Settings */ = {
			isa = PBXGroup;
			children = (
				EFA25BD62C41C26E00B95CDB /* SettingsView.swift */,
				EFAA74E32C6A7A2000A02B20 /* UserPreferences.swift */,
				EFA25BDB2C42C7FB00B95CDB /* CategoriesView.swift */,
				EFAA74E12C6A682F00A02B20 /* SortOption.swift */,
				EFEC740A2C6AC3860098EEE2 /* DateFormat.swift */,
			);
			path = Settings;
			sourceTree = "<group>";
		};
		EFC3E2FA2C6ABE8200A34039 /* Home */ = {
			isa = PBXGroup;
			children = (
				EF2E22812BFE3E8300A27FE9 /* ContentView.swift */,
				EFE460252C6AAD260008A7EF /* ItemListView.swift */,
				EF2E22912BFE877F00A27FE9 /* AddItemView.swift */,
				EF2E228D2BFE437E00A27FE9 /* SearchView.swift */,
			);
			path = Home;
			sourceTree = "<group>";
		};
		EFDB48AD2C42CAF0002C5DA3 /* Model */ = {
			isa = PBXGroup;
			children = (
				EF2A529B2C260316002D1879 /* Item.swift */,
				EFDB48AE2C42CAFE002C5DA3 /* Category.swift */,
			);
			path = Model;
			sourceTree = "<group>";
		};
		EFEC74092C6ABF870098EEE2 /* Details */ = {
			isa = PBXGroup;
			children = (
				EF2E228F2BFE7E2C00A27FE9 /* ItemView.swift */,
				EF9992772C7CF87400F6E3FB /* LastCheckedView.swift */,
			);
			path = Details;
			sourceTree = "<group>";
		};
/* End PBXGroup section */

/* Begin PBXNativeTarget section */
		EF2E227B2BFE3E8300A27FE9 /* Remmi */ = {
			isa = PBXNativeTarget;
			buildConfigurationList = EF2E228A2BFE3E8500A27FE9 /* Build configuration list for PBXNativeTarget "Remmi" */;
			buildPhases = (
				EF2E22782BFE3E8300A27FE9 /* Sources */,
				EF2E22792BFE3E8300A27FE9 /* Frameworks */,
				EF2E227A2BFE3E8300A27FE9 /* Resources */,
			);
			buildRules = (
			);
			dependencies = (
			);
			name = Remmi;
			productName = Remmi;
			productReference = EF2E227C2BFE3E8300A27FE9 /* Remmi.app */;
			productType = "com.apple.product-type.application";
		};
/* End PBXNativeTarget section */

/* Begin PBXProject section */
		EF2E22742BFE3E8300A27FE9 /* Project object */ = {
			isa = PBXProject;
			attributes = {
				BuildIndependentTargetsInParallel = 1;
				LastSwiftUpdateCheck = 1540;
				LastUpgradeCheck = 1540;
				TargetAttributes = {
					EF2E227B2BFE3E8300A27FE9 = {
						CreatedOnToolsVersion = 15.4;
					};
				};
			};
			buildConfigurationList = EF2E22772BFE3E8300A27FE9 /* Build configuration list for PBXProject "Remmi" */;
			compatibilityVersion = "Xcode 14.0";
			developmentRegion = en;
			hasScannedForEncodings = 0;
			knownRegions = (
				en,
				Base,
			);
			mainGroup = EF2E22732BFE3E8300A27FE9;
			productRefGroup = EF2E227D2BFE3E8300A27FE9 /* Products */;
			projectDirPath = "";
			projectRoot = "";
			targets = (
				EF2E227B2BFE3E8300A27FE9 /* Remmi */,
			);
		};
/* End PBXProject section */

/* Begin PBXResourcesBuildPhase section */
		EF2E227A2BFE3E8300A27FE9 /* Resources */ = {
			isa = PBXResourcesBuildPhase;
			buildActionMask = 2147483647;
			files = (
				EF2E22872BFE3E8500A27FE9 /* Preview Assets.xcassets in Resources */,
				EF2E22842BFE3E8500A27FE9 /* Assets.xcassets in Resources */,
			);
			runOnlyForDeploymentPostprocessing = 0;
		};
/* End PBXResourcesBuildPhase section */

/* Begin PBXSourcesBuildPhase section */
		EF2E22782BFE3E8300A27FE9 /* Sources */ = {
			isa = PBXSourcesBuildPhase;
			buildActionMask = 2147483647;
			files = (
				EF2E22942BFFB5E200A27FE9 /* AppDelegate.swift in Sources */,
				EFAA74E42C6A7A2000A02B20 /* UserPreferences.swift in Sources */,
				EFDB48AF2C42CAFE002C5DA3 /* Category.swift in Sources */,
				EFC3E2F92C6ABC9600A34039 /* Previewer.swift in Sources */,
				EFA25BD72C41C26E00B95CDB /* SettingsView.swift in Sources */,
				EFEC740B2C6AC3860098EEE2 /* DateFormat.swift in Sources */,
				EF2E22902BFE7E2C00A27FE9 /* ItemView.swift in Sources */,
				EF2E22822BFE3E8300A27FE9 /* ContentView.swift in Sources */,
				EF6536B12C46EA7100EA0CEC /* CategoryMenu.swift in Sources */,
				EF2E228E2BFE437E00A27FE9 /* SearchView.swift in Sources */,
				EFA25BDC2C42C7FB00B95CDB /* CategoriesView.swift in Sources */,
				EF2A529C2C260316002D1879 /* Item.swift in Sources */,
				EF2E22802BFE3E8300A27FE9 /* RemmiApp.swift in Sources */,
				EF2E22922BFE877F00A27FE9 /* AddItemView.swift in Sources */,
				EF9992782C7CF87400F6E3FB /* LastCheckedView.swift in Sources */,
				EFAA74E22C6A682F00A02B20 /* SortOption.swift in Sources */,
				EFE460262C6AAD260008A7EF /* ItemListView.swift in Sources */,
				EFC3E2F72C6AB9A600A34039 /* SortingLogic.swift in Sources */,
			);
			runOnlyForDeploymentPostprocessing = 0;
		};
/* End PBXSourcesBuildPhase section */

/* Begin XCBuildConfiguration section */
		EF2E22882BFE3E8500A27FE9 /* Debug */ = {
			isa = XCBuildConfiguration;
			buildSettings = {
				ALWAYS_SEARCH_USER_PATHS = NO;
				ASSETCATALOG_COMPILER_GENERATE_SWIFT_ASSET_SYMBOL_EXTENSIONS = YES;
				CLANG_ANALYZER_NONNULL = YES;
				CLANG_ANALYZER_NUMBER_OBJECT_CONVERSION = YES_AGGRESSIVE;
				CLANG_CXX_LANGUAGE_STANDARD = "gnu++20";
				CLANG_ENABLE_MODULES = YES;
				CLANG_ENABLE_OBJC_ARC = YES;
				CLANG_ENABLE_OBJC_WEAK = YES;
				CLANG_WARN_BLOCK_CAPTURE_AUTORELEASING = YES;
				CLANG_WARN_BOOL_CONVERSION = YES;
				CLANG_WARN_COMMA = YES;
				CLANG_WARN_CONSTANT_CONVERSION = YES;
				CLANG_WARN_DEPRECATED_OBJC_IMPLEMENTATIONS = YES;
				CLANG_WARN_DIRECT_OBJC_ISA_USAGE = YES_ERROR;
				CLANG_WARN_DOCUMENTATION_COMMENTS = YES;
				CLANG_WARN_EMPTY_BODY = YES;
				CLANG_WARN_ENUM_CONVERSION = YES;
				CLANG_WARN_INFINITE_RECURSION = YES;
				CLANG_WARN_INT_CONVERSION = YES;
				CLANG_WARN_NON_LITERAL_NULL_CONVERSION = YES;
				CLANG_WARN_OBJC_IMPLICIT_RETAIN_SELF = YES;
				CLANG_WARN_OBJC_LITERAL_CONVERSION = YES;
				CLANG_WARN_OBJC_ROOT_CLASS = YES_ERROR;
				CLANG_WARN_QUOTED_INCLUDE_IN_FRAMEWORK_HEADER = YES;
				CLANG_WARN_RANGE_LOOP_ANALYSIS = YES;
				CLANG_WARN_STRICT_PROTOTYPES = YES;
				CLANG_WARN_SUSPICIOUS_MOVE = YES;
				CLANG_WARN_UNGUARDED_AVAILABILITY = YES_AGGRESSIVE;
				CLANG_WARN_UNREACHABLE_CODE = YES;
				CLANG_WARN__DUPLICATE_METHOD_MATCH = YES;
				COPY_PHASE_STRIP = NO;
				DEBUG_INFORMATION_FORMAT = dwarf;
				ENABLE_STRICT_OBJC_MSGSEND = YES;
				ENABLE_TESTABILITY = YES;
				ENABLE_USER_SCRIPT_SANDBOXING = YES;
				GCC_C_LANGUAGE_STANDARD = gnu17;
				GCC_DYNAMIC_NO_PIC = NO;
				GCC_NO_COMMON_BLOCKS = YES;
				GCC_OPTIMIZATION_LEVEL = 0;
				GCC_PREPROCESSOR_DEFINITIONS = (
					"DEBUG=1",
					"$(inherited)",
				);
				GCC_WARN_64_TO_32_BIT_CONVERSION = YES;
				GCC_WARN_ABOUT_RETURN_TYPE = YES_ERROR;
				GCC_WARN_UNDECLARED_SELECTOR = YES;
				GCC_WARN_UNINITIALIZED_AUTOS = YES_AGGRESSIVE;
				GCC_WARN_UNUSED_FUNCTION = YES;
				GCC_WARN_UNUSED_VARIABLE = YES;
				IPHONEOS_DEPLOYMENT_TARGET = 17.5;
				LOCALIZATION_PREFERS_STRING_CATALOGS = YES;
				MTL_ENABLE_DEBUG_INFO = INCLUDE_SOURCE;
				MTL_FAST_MATH = YES;
				ONLY_ACTIVE_ARCH = YES;
				SDKROOT = iphoneos;
				SWIFT_ACTIVE_COMPILATION_CONDITIONS = "DEBUG $(inherited)";
				SWIFT_OPTIMIZATION_LEVEL = "-Onone";
			};
			name = Debug;
		};
		EF2E22892BFE3E8500A27FE9 /* Release */ = {
			isa = XCBuildConfiguration;
			buildSettings = {
				ALWAYS_SEARCH_USER_PATHS = NO;
				ASSETCATALOG_COMPILER_GENERATE_SWIFT_ASSET_SYMBOL_EXTENSIONS = YES;
				CLANG_ANALYZER_NONNULL = YES;
				CLANG_ANALYZER_NUMBER_OBJECT_CONVERSION = YES_AGGRESSIVE;
				CLANG_CXX_LANGUAGE_STANDARD = "gnu++20";
				CLANG_ENABLE_MODULES = YES;
				CLANG_ENABLE_OBJC_ARC = YES;
				CLANG_ENABLE_OBJC_WEAK = YES;
				CLANG_WARN_BLOCK_CAPTURE_AUTORELEASING = YES;
				CLANG_WARN_BOOL_CONVERSION = YES;
				CLANG_WARN_COMMA = YES;
				CLANG_WARN_CONSTANT_CONVERSION = YES;
				CLANG_WARN_DEPRECATED_OBJC_IMPLEMENTATIONS = YES;
				CLANG_WARN_DIRECT_OBJC_ISA_USAGE = YES_ERROR;
				CLANG_WARN_DOCUMENTATION_COMMENTS = YES;
				CLANG_WARN_EMPTY_BODY = YES;
				CLANG_WARN_ENUM_CONVERSION = YES;
				CLANG_WARN_INFINITE_RECURSION = YES;
				CLANG_WARN_INT_CONVERSION = YES;
				CLANG_WARN_NON_LITERAL_NULL_CONVERSION = YES;
				CLANG_WARN_OBJC_IMPLICIT_RETAIN_SELF = YES;
				CLANG_WARN_OBJC_LITERAL_CONVERSION = YES;
				CLANG_WARN_OBJC_ROOT_CLASS = YES_ERROR;
				CLANG_WARN_QUOTED_INCLUDE_IN_FRAMEWORK_HEADER = YES;
				CLANG_WARN_RANGE_LOOP_ANALYSIS = YES;
				CLANG_WARN_STRICT_PROTOTYPES = YES;
				CLANG_WARN_SUSPICIOUS_MOVE = YES;
				CLANG_WARN_UNGUARDED_AVAILABILITY = YES_AGGRESSIVE;
				CLANG_WARN_UNREACHABLE_CODE = YES;
				CLANG_WARN__DUPLICATE_METHOD_MATCH = YES;
				COPY_PHASE_STRIP = NO;
				DEBUG_INFORMATION_FORMAT = "dwarf-with-dsym";
				ENABLE_NS_ASSERTIONS = NO;
				ENABLE_STRICT_OBJC_MSGSEND = YES;
				ENABLE_USER_SCRIPT_SANDBOXING = YES;
				GCC_C_LANGUAGE_STANDARD = gnu17;
				GCC_NO_COMMON_BLOCKS = YES;
				GCC_WARN_64_TO_32_BIT_CONVERSION = YES;
				GCC_WARN_ABOUT_RETURN_TYPE = YES_ERROR;
				GCC_WARN_UNDECLARED_SELECTOR = YES;
				GCC_WARN_UNINITIALIZED_AUTOS = YES_AGGRESSIVE;
				GCC_WARN_UNUSED_FUNCTION = YES;
				GCC_WARN_UNUSED_VARIABLE = YES;
				IPHONEOS_DEPLOYMENT_TARGET = 17.5;
				LOCALIZATION_PREFERS_STRING_CATALOGS = YES;
				MTL_ENABLE_DEBUG_INFO = NO;
				MTL_FAST_MATH = YES;
				SDKROOT = iphoneos;
				SWIFT_COMPILATION_MODE = wholemodule;
				VALIDATE_PRODUCT = YES;
			};
			name = Release;
		};
		EF2E228B2BFE3E8500A27FE9 /* Debug */ = {
			isa = XCBuildConfiguration;
			buildSettings = {
				ASSETCATALOG_COMPILER_APPICON_NAME = AppIcon;
				ASSETCATALOG_COMPILER_GLOBAL_ACCENT_COLOR_NAME = AccentColor;
				CODE_SIGN_STYLE = Automatic;
				CURRENT_PROJECT_VERSION = 1;
				DEVELOPMENT_ASSET_PATHS = "\"Remmi/Preview Content\"";
				DEVELOPMENT_TEAM = 5UNND43WMF;
				ENABLE_PREVIEWS = YES;
				GENERATE_INFOPLIST_FILE = YES;
				INFOPLIST_KEY_UIApplicationSceneManifest_Generation = YES;
				INFOPLIST_KEY_UIApplicationSupportsIndirectInputEvents = YES;
				INFOPLIST_KEY_UILaunchScreen_Generation = YES;
				INFOPLIST_KEY_UISupportedInterfaceOrientations_iPad = "UIInterfaceOrientationPortrait UIInterfaceOrientationPortraitUpsideDown UIInterfaceOrientationLandscapeLeft UIInterfaceOrientationLandscapeRight";
				INFOPLIST_KEY_UISupportedInterfaceOrientations_iPhone = "UIInterfaceOrientationPortrait UIInterfaceOrientationLandscapeLeft UIInterfaceOrientationLandscapeRight";
				LD_RUNPATH_SEARCH_PATHS = (
					"$(inherited)",
					"@executable_path/Frameworks",
				);
				MARKETING_VERSION = 1.0;
				PRODUCT_BUNDLE_IDENTIFIER = com.delcano.Remmi;
				PRODUCT_NAME = "$(TARGET_NAME)";
				SWIFT_EMIT_LOC_STRINGS = YES;
				SWIFT_VERSION = 5.0;
				TARGETED_DEVICE_FAMILY = "1,2";
			};
			name = Debug;
		};
		EF2E228C2BFE3E8500A27FE9 /* Release */ = {
			isa = XCBuildConfiguration;
			buildSettings = {
				ASSETCATALOG_COMPILER_APPICON_NAME = AppIcon;
				ASSETCATALOG_COMPILER_GLOBAL_ACCENT_COLOR_NAME = AccentColor;
				CODE_SIGN_STYLE = Automatic;
				CURRENT_PROJECT_VERSION = 1;
				DEVELOPMENT_ASSET_PATHS = "\"Remmi/Preview Content\"";
				DEVELOPMENT_TEAM = 5UNND43WMF;
				ENABLE_PREVIEWS = YES;
				GENERATE_INFOPLIST_FILE = YES;
				INFOPLIST_KEY_UIApplicationSceneManifest_Generation = YES;
				INFOPLIST_KEY_UIApplicationSupportsIndirectInputEvents = YES;
				INFOPLIST_KEY_UILaunchScreen_Generation = YES;
				INFOPLIST_KEY_UISupportedInterfaceOrientations_iPad = "UIInterfaceOrientationPortrait UIInterfaceOrientationPortraitUpsideDown UIInterfaceOrientationLandscapeLeft UIInterfaceOrientationLandscapeRight";
				INFOPLIST_KEY_UISupportedInterfaceOrientations_iPhone = "UIInterfaceOrientationPortrait UIInterfaceOrientationLandscapeLeft UIInterfaceOrientationLandscapeRight";
				LD_RUNPATH_SEARCH_PATHS = (
					"$(inherited)",
					"@executable_path/Frameworks",
				);
				MARKETING_VERSION = 1.0;
				PRODUCT_BUNDLE_IDENTIFIER = com.delcano.Remmi;
				PRODUCT_NAME = "$(TARGET_NAME)";
				SWIFT_EMIT_LOC_STRINGS = YES;
				SWIFT_VERSION = 5.0;
				TARGETED_DEVICE_FAMILY = "1,2";
			};
			name = Release;
		};
/* End XCBuildConfiguration section */

/* Begin XCConfigurationList section */
		EF2E22772BFE3E8300A27FE9 /* Build configuration list for PBXProject "Remmi" */ = {
			isa = XCConfigurationList;
			buildConfigurations = (
				EF2E22882BFE3E8500A27FE9 /* Debug */,
				EF2E22892BFE3E8500A27FE9 /* Release */,
			);
			defaultConfigurationIsVisible = 0;
			defaultConfigurationName = Release;
		};
		EF2E228A2BFE3E8500A27FE9 /* Build configuration list for PBXNativeTarget "Remmi" */ = {
			isa = XCConfigurationList;
			buildConfigurations = (
				EF2E228B2BFE3E8500A27FE9 /* Debug */,
				EF2E228C2BFE3E8500A27FE9 /* Release */,
			);
			defaultConfigurationIsVisible = 0;
			defaultConfigurationName = Release;
		};
/* End XCConfigurationList section */
	};
	rootObject = EF2E22742BFE3E8300A27FE9 /* Project object */;
}
